
Microsoft Visual Studio Solution File, Format Version 12.00
# Visual Studio Version 17
VisualStudioVersion = 17.7.34202.233
MinimumVisualStudioVersion = 10.0.40219.1
Project("{FAE04EC0-301F-11D3-BF4B-00C04F79EFBC}") = "Lab3_2", "Lab3_2\Lab3_2.csproj", "{044B1B96-7655-4DED-8E86-2694F57C2D9E}"
EndProject
Global
	GlobalSection(SolutionConfigurationPlatforms) = preSolution
		Debug|Any CPU = Debug|Any CPU
		Release|Any CPU = Release|Any CPU
	EndGlobalSection
	GlobalSection(ProjectConfigurationPlatforms) = postSolution
		{044B1B96-7655-4DED-8E86-2694F57C2D9E}.Debug|Any CPU.ActiveCfg = Debug|Any CPU
		{044B1B96-7655-4DED-8E86-2694F57C2D9E}.Debug|Any CPU.Build.0 = Debug|Any CPU
		{044B1B96-7655-4DED-8E86-2694F57C2D9E}.Release|Any CPU.ActiveCfg = Release|Any CPU
		{044B1B96-7655-4DED-8E86-2694F57C2D9E}.Release|Any CPU.Build.0 = Release|Any CPU
	EndGlobalSection
	GlobalSection(SolutionProperties) = preSolution
		HideSolutionNode = FALSE
	EndGlobalSection
	GlobalSection(ExtensibilityGlobals) = postSolution
		SolutionGuid = {9CE050C1-2718-41AD-BCB5-CBDD001F328B}
	EndGlobalSection
EndGlobal
